
Microsoft Visual Studio Solution File, Format Version 12.00
# Visual Studio 14
VisualStudioVersion = 14.0.25420.1
MinimumVisualStudioVersion = 10.0.40219.1
Project("{FAE04EC0-301F-11D3-BF4B-00C04F79EFBC}") = "Archives.Sql.BackupApplication.UI", "Archives.Sql.BackupApplication.UI\Archives.Sql.BackupApplication.UI.csproj", "{D611ECF5-5A07-4C2F-82C4-A2F0C9525E09}"
EndProject
Global
	GlobalSection(SolutionConfigurationPlatforms) = preSolution
		Debug|Any CPU = Debug|Any CPU
		Release|Any CPU = Release|Any CPU
	EndGlobalSection
	GlobalSection(ProjectConfigurationPlatforms) = postSolution
		{D611ECF5-5A07-4C2F-82C4-A2F0C9525E09}.Debug|Any CPU.ActiveCfg = Debug|Any CPU
		{D611ECF5-5A07-4C2F-82C4-A2F0C9525E09}.Debug|Any CPU.Build.0 = Debug|Any CPU
		{D611ECF5-5A07-4C2F-82C4-A2F0C9525E09}.Release|Any CPU.ActiveCfg = Release|Any CPU
		{D611ECF5-5A07-4C2F-82C4-A2F0C9525E09}.Release|Any CPU.Build.0 = Release|Any CPU
	EndGlobalSection
	GlobalSection(SolutionProperties) = preSolution
		HideSolutionNode = FALSE
	EndGlobalSection
EndGlobal
